
Microsoft Visual Studio Solution File, Format Version 12.00
# Visual Studio 15
VisualStudioVersion = 15.0.27428.2005
MinimumVisualStudioVersion = 10.0.40219.1
Project("{FAE04EC0-301F-11D3-BF4B-00C04F79EFBC}") = "FormViewerApp", "FormViewerApp\FormViewerApp.csproj", "{D9057CF7-C290-4F96-9319-EE99F55D293A}"
EndProject
Project("{FAE04EC0-301F-11D3-BF4B-00C04F79EFBC}") = "EntityLayer", "EntityLayer\EntityLayer.csproj", "{CC4CEDDD-0537-49DB-B1E7-D61168349CF3}"
EndProject
Global
	GlobalSection(SolutionConfigurationPlatforms) = preSolution
		Debug|Any CPU = Debug|Any CPU
		Release|Any CPU = Release|Any CPU
	EndGlobalSection
	GlobalSection(ProjectConfigurationPlatforms) = postSolution
		{D9057CF7-C290-4F96-9319-EE99F55D293A}.Debug|Any CPU.ActiveCfg = Debug|Any CPU
		{D9057CF7-C290-4F96-9319-EE99F55D293A}.Debug|Any CPU.Build.0 = Debug|Any CPU
		{D9057CF7-C290-4F96-9319-EE99F55D293A}.Release|Any CPU.ActiveCfg = Release|Any CPU
		{D9057CF7-C290-4F96-9319-EE99F55D293A}.Release|Any CPU.Build.0 = Release|Any CPU
		{CC4CEDDD-0537-49DB-B1E7-D61168349CF3}.Debug|Any CPU.ActiveCfg = Debug|Any CPU
		{CC4CEDDD-0537-49DB-B1E7-D61168349CF3}.Debug|Any CPU.Build.0 = Debug|Any CPU
		{CC4CEDDD-0537-49DB-B1E7-D61168349CF3}.Release|Any CPU.ActiveCfg = Release|Any CPU
		{CC4CEDDD-0537-49DB-B1E7-D61168349CF3}.Release|Any CPU.Build.0 = Release|Any CPU
	EndGlobalSection
	GlobalSection(SolutionProperties) = preSolution
		HideSolutionNode = FALSE
	EndGlobalSection
	GlobalSection(ExtensibilityGlobals) = postSolution
		SolutionGuid = {11AEDB92-F8C4-4A1D-BAC0-2F9FDBD1689D}
	EndGlobalSection
EndGlobal
